
Microsoft Visual Studio Solution File, Format Version 12.00
# Visual Studio 14
VisualStudioVersion = 14.0.25420.1
MinimumVisualStudioVersion = 10.0.40219.1
Project("{8BC9CEB8-8B4A-11D0-8D11-00A0C91BC942}") = "aurora_framework", "aurora_framework.vcxproj", "{CD501D56-D2FD-422C-9806-E04D2DD0E721}"
EndProject
Project("{8BC9CEB8-8B4A-11D0-8D11-00A0C91BC942}") = "aurora_tests", "src\Examples\aurora_tests.vcxproj", "{0AF7D556-CFDD-45AF-80AF-2B2B1BBB0F8A}"
	ProjectSection(ProjectDependencies) = postProject
		{CD501D56-D2FD-422C-9806-E04D2DD0E721} = {CD501D56-D2FD-422C-9806-E04D2DD0E721}
	EndProjectSection
EndProject
Project("{8BC9CEB8-8B4A-11D0-8D11-00A0C91BC942}") = "aurora_binaries", "src\Binaries\aurora_binaries.vcxproj", "{30150B08-2206-47B8-8363-F330BE165AD5}"
EndProject
Global
	GlobalSection(SolutionConfigurationPlatforms) = preSolution
		Debug|Android64 = Debug|Android64
		Debug|Android86 = Debug|Android86
		Debug|AndroidARM = Debug|AndroidARM
		Debug|Cross64 = Debug|Cross64
		Debug|Cross86 = Debug|Cross86
		Debug|Linux32 = Debug|Linux32
		Debug|Linux64 = Debug|Linux64
		Debug|Mac32 = Debug|Mac32
		Debug|Mac64 = Debug|Mac64
		Debug|Win32 = Debug|Win32
		Debug|Win64 = Debug|Win64
		Debug|x64 = Debug|x64
		Release|Android64 = Release|Android64
		Release|Android86 = Release|Android86
		Release|AndroidARM = Release|AndroidARM
		Release|Cross64 = Release|Cross64
		Release|Cross86 = Release|Cross86
		Release|Linux32 = Release|Linux32
		Release|Linux64 = Release|Linux64
		Release|Mac32 = Release|Mac32
		Release|Mac64 = Release|Mac64
		Release|Win32 = Release|Win32
		Release|Win64 = Release|Win64
		Release|x64 = Release|x64
	EndGlobalSection
	GlobalSection(ProjectConfigurationPlatforms) = postSolution
		{CD501D56-D2FD-422C-9806-E04D2DD0E721}.Debug|Android64.ActiveCfg = dbg|Win32
		{CD501D56-D2FD-422C-9806-E04D2DD0E721}.Debug|Android64.Build.0 = dbg|Win32
		{CD501D56-D2FD-422C-9806-E04D2DD0E721}.Debug|Android86.ActiveCfg = dbg|Win32
		{CD501D56-D2FD-422C-9806-E04D2DD0E721}.Debug|Android86.Build.0 = dbg|Win32
		{CD501D56-D2FD-422C-9806-E04D2DD0E721}.Debug|AndroidARM.ActiveCfg = dbg|Win32
		{CD501D56-D2FD-422C-9806-E04D2DD0E721}.Debug|AndroidARM.Build.0 = dbg|Win32
		{CD501D56-D2FD-422C-9806-E04D2DD0E721}.Debug|Cross64.ActiveCfg = dbg|x64
		{CD501D56-D2FD-422C-9806-E04D2DD0E721}.Debug|Cross64.Build.0 = dbg|x64
		{CD501D56-D2FD-422C-9806-E04D2DD0E721}.Debug|Cross86.ActiveCfg = dbg|Win32
		{CD501D56-D2FD-422C-9806-E04D2DD0E721}.Debug|Cross86.Build.0 = dbg|Win32
		{CD501D56-D2FD-422C-9806-E04D2DD0E721}.Debug|Linux32.ActiveCfg = bin|ARM
		{CD501D56-D2FD-422C-9806-E04D2DD0E721}.Debug|Linux32.Build.0 = bin|ARM
		{CD501D56-D2FD-422C-9806-E04D2DD0E721}.Debug|Linux64.ActiveCfg = bin|ARM
		{CD501D56-D2FD-422C-9806-E04D2DD0E721}.Debug|Linux64.Build.0 = bin|ARM
		{CD501D56-D2FD-422C-9806-E04D2DD0E721}.Debug|Mac32.ActiveCfg = bin|ARM
		{CD501D56-D2FD-422C-9806-E04D2DD0E721}.Debug|Mac32.Build.0 = bin|ARM
		{CD501D56-D2FD-422C-9806-E04D2DD0E721}.Debug|Mac64.ActiveCfg = dbg|Win32
		{CD501D56-D2FD-422C-9806-E04D2DD0E721}.Debug|Mac64.Build.0 = dbg|Win32
		{CD501D56-D2FD-422C-9806-E04D2DD0E721}.Debug|Win32.ActiveCfg = dbg|Win32
		{CD501D56-D2FD-422C-9806-E04D2DD0E721}.Debug|Win32.Build.0 = dbg|Win32
		{CD501D56-D2FD-422C-9806-E04D2DD0E721}.Debug|Win64.ActiveCfg = dbg|Win32
		{CD501D56-D2FD-422C-9806-E04D2DD0E721}.Debug|Win64.Build.0 = dbg|Win32
		{CD501D56-D2FD-422C-9806-E04D2DD0E721}.Debug|x64.ActiveCfg = dbg|x64
		{CD501D56-D2FD-422C-9806-E04D2DD0E721}.Debug|x64.Build.0 = dbg|x64
		{CD501D56-D2FD-422C-9806-E04D2DD0E721}.Release|Android64.ActiveCfg = bin|ARM
		{CD501D56-D2FD-422C-9806-E04D2DD0E721}.Release|Android64.Build.0 = bin|ARM
		{CD501D56-D2FD-422C-9806-E04D2DD0E721}.Release|Android86.ActiveCfg = bin|ARM
		{CD501D56-D2FD-422C-9806-E04D2DD0E721}.Release|Android86.Build.0 = bin|ARM
		{CD501D56-D2FD-422C-9806-E04D2DD0E721}.Release|AndroidARM.ActiveCfg = bin|ARM
		{CD501D56-D2FD-422C-9806-E04D2DD0E721}.Release|AndroidARM.Build.0 = bin|ARM
		{CD501D56-D2FD-422C-9806-E04D2DD0E721}.Release|Cross64.ActiveCfg = bin|x64
		{CD501D56-D2FD-422C-9806-E04D2DD0E721}.Release|Cross64.Build.0 = bin|x64
		{CD501D56-D2FD-422C-9806-E04D2DD0E721}.Release|Cross86.ActiveCfg = bin|Win32
		{CD501D56-D2FD-422C-9806-E04D2DD0E721}.Release|Cross86.Build.0 = bin|Win32
		{CD501D56-D2FD-422C-9806-E04D2DD0E721}.Release|Linux32.ActiveCfg = bin|ARM
		{CD501D56-D2FD-422C-9806-E04D2DD0E721}.Release|Linux32.Build.0 = bin|ARM
		{CD501D56-D2FD-422C-9806-E04D2DD0E721}.Release|Linux64.ActiveCfg = bin|ARM
		{CD501D56-D2FD-422C-9806-E04D2DD0E721}.Release|Linux64.Build.0 = bin|ARM
		{CD501D56-D2FD-422C-9806-E04D2DD0E721}.Release|Mac32.ActiveCfg = bin|ARM
		{CD501D56-D2FD-422C-9806-E04D2DD0E721}.Release|Mac32.Build.0 = bin|ARM
		{CD501D56-D2FD-422C-9806-E04D2DD0E721}.Release|Mac64.ActiveCfg = bin|ARM
		{CD501D56-D2FD-422C-9806-E04D2DD0E721}.Release|Mac64.Build.0 = bin|ARM
		{CD501D56-D2FD-422C-9806-E04D2DD0E721}.Release|Win32.ActiveCfg = bin|Win32
		{CD501D56-D2FD-422C-9806-E04D2DD0E721}.Release|Win32.Build.0 = bin|Win32
		{CD501D56-D2FD-422C-9806-E04D2DD0E721}.Release|Win64.ActiveCfg = bin|ARM
		{CD501D56-D2FD-422C-9806-E04D2DD0E721}.Release|Win64.Build.0 = bin|ARM
		{CD501D56-D2FD-422C-9806-E04D2DD0E721}.Release|x64.ActiveCfg = bin|x64
		{CD501D56-D2FD-422C-9806-E04D2DD0E721}.Release|x64.Build.0 = bin|x64
		{0AF7D556-CFDD-45AF-80AF-2B2B1BBB0F8A}.Debug|Android64.ActiveCfg = bin|Win32
		{0AF7D556-CFDD-45AF-80AF-2B2B1BBB0F8A}.Debug|Android64.Build.0 = bin|Win32
		{0AF7D556-CFDD-45AF-80AF-2B2B1BBB0F8A}.Debug|Android86.ActiveCfg = bin|Win32
		{0AF7D556-CFDD-45AF-80AF-2B2B1BBB0F8A}.Debug|Android86.Build.0 = bin|Win32
		{0AF7D556-CFDD-45AF-80AF-2B2B1BBB0F8A}.Debug|AndroidARM.ActiveCfg = bin|Win32
		{0AF7D556-CFDD-45AF-80AF-2B2B1BBB0F8A}.Debug|AndroidARM.Build.0 = bin|Win32
		{0AF7D556-CFDD-45AF-80AF-2B2B1BBB0F8A}.Debug|Cross64.ActiveCfg = bin|Win32
		{0AF7D556-CFDD-45AF-80AF-2B2B1BBB0F8A}.Debug|Cross64.Build.0 = bin|Win32
		{0AF7D556-CFDD-45AF-80AF-2B2B1BBB0F8A}.Debug|Cross86.ActiveCfg = bin|Win32
		{0AF7D556-CFDD-45AF-80AF-2B2B1BBB0F8A}.Debug|Cross86.Build.0 = bin|Win32
		{0AF7D556-CFDD-45AF-80AF-2B2B1BBB0F8A}.Debug|Linux32.ActiveCfg = bin|Win32
		{0AF7D556-CFDD-45AF-80AF-2B2B1BBB0F8A}.Debug|Linux32.Build.0 = bin|Win32
		{0AF7D556-CFDD-45AF-80AF-2B2B1BBB0F8A}.Debug|Linux64.ActiveCfg = bin|Win32
		{0AF7D556-CFDD-45AF-80AF-2B2B1BBB0F8A}.Debug|Linux64.Build.0 = bin|Win32
		{0AF7D556-CFDD-45AF-80AF-2B2B1BBB0F8A}.Debug|Mac32.ActiveCfg = bin|Win32
		{0AF7D556-CFDD-45AF-80AF-2B2B1BBB0F8A}.Debug|Mac32.Build.0 = bin|Win32
		{0AF7D556-CFDD-45AF-80AF-2B2B1BBB0F8A}.Debug|Mac64.ActiveCfg = bin|Win32
		{0AF7D556-CFDD-45AF-80AF-2B2B1BBB0F8A}.Debug|Mac64.Build.0 = bin|Win32
		{0AF7D556-CFDD-45AF-80AF-2B2B1BBB0F8A}.Debug|Win32.ActiveCfg = dbg|Win32
		{0AF7D556-CFDD-45AF-80AF-2B2B1BBB0F8A}.Debug|Win32.Build.0 = dbg|Win32
		{0AF7D556-CFDD-45AF-80AF-2B2B1BBB0F8A}.Debug|Win64.ActiveCfg = bin|Win32
		{0AF7D556-CFDD-45AF-80AF-2B2B1BBB0F8A}.Debug|Win64.Build.0 = bin|Win32
		{0AF7D556-CFDD-45AF-80AF-2B2B1BBB0F8A}.Debug|x64.ActiveCfg = dbg|x64
		{0AF7D556-CFDD-45AF-80AF-2B2B1BBB0F8A}.Debug|x64.Build.0 = dbg|x64
		{0AF7D556-CFDD-45AF-80AF-2B2B1BBB0F8A}.Release|Android64.ActiveCfg = bin|Win32
		{0AF7D556-CFDD-45AF-80AF-2B2B1BBB0F8A}.Release|Android64.Build.0 = bin|Win32
		{0AF7D556-CFDD-45AF-80AF-2B2B1BBB0F8A}.Release|Android86.ActiveCfg = bin|Win32
		{0AF7D556-CFDD-45AF-80AF-2B2B1BBB0F8A}.Release|Android86.Build.0 = bin|Win32
		{0AF7D556-CFDD-45AF-80AF-2B2B1BBB0F8A}.Release|AndroidARM.ActiveCfg = bin|Win32
		{0AF7D556-CFDD-45AF-80AF-2B2B1BBB0F8A}.Release|AndroidARM.Build.0 = bin|Win32
		{0AF7D556-CFDD-45AF-80AF-2B2B1BBB0F8A}.Release|Cross64.ActiveCfg = bin|Win32
		{0AF7D556-CFDD-45AF-80AF-2B2B1BBB0F8A}.Release|Cross64.Build.0 = bin|Win32
		{0AF7D556-CFDD-45AF-80AF-2B2B1BBB0F8A}.Release|Cross86.ActiveCfg = bin|Win32
		{0AF7D556-CFDD-45AF-80AF-2B2B1BBB0F8A}.Release|Cross86.Build.0 = bin|Win32
		{0AF7D556-CFDD-45AF-80AF-2B2B1BBB0F8A}.Release|Linux32.ActiveCfg = bin|Win32
		{0AF7D556-CFDD-45AF-80AF-2B2B1BBB0F8A}.Release|Linux32.Build.0 = bin|Win32
		{0AF7D556-CFDD-45AF-80AF-2B2B1BBB0F8A}.Release|Linux64.ActiveCfg = bin|Win32
		{0AF7D556-CFDD-45AF-80AF-2B2B1BBB0F8A}.Release|Linux64.Build.0 = bin|Win32
		{0AF7D556-CFDD-45AF-80AF-2B2B1BBB0F8A}.Release|Mac32.ActiveCfg = bin|Win32
		{0AF7D556-CFDD-45AF-80AF-2B2B1BBB0F8A}.Release|Mac32.Build.0 = bin|Win32
		{0AF7D556-CFDD-45AF-80AF-2B2B1BBB0F8A}.Release|Mac64.ActiveCfg = bin|Win32
		{0AF7D556-CFDD-45AF-80AF-2B2B1BBB0F8A}.Release|Mac64.Build.0 = bin|Win32
		{0AF7D556-CFDD-45AF-80AF-2B2B1BBB0F8A}.Release|Win32.ActiveCfg = bin|Win32
		{0AF7D556-CFDD-45AF-80AF-2B2B1BBB0F8A}.Release|Win32.Build.0 = bin|Win32
		{0AF7D556-CFDD-45AF-80AF-2B2B1BBB0F8A}.Release|Win64.ActiveCfg = bin|Win32
		{0AF7D556-CFDD-45AF-80AF-2B2B1BBB0F8A}.Release|Win64.Build.0 = bin|Win32
		{0AF7D556-CFDD-45AF-80AF-2B2B1BBB0F8A}.Release|x64.ActiveCfg = bin|x64
		{0AF7D556-CFDD-45AF-80AF-2B2B1BBB0F8A}.Release|x64.Build.0 = bin|x64
		{30150B08-2206-47B8-8363-F330BE165AD5}.Debug|Android64.ActiveCfg = bin|Win32
		{30150B08-2206-47B8-8363-F330BE165AD5}.Debug|Android64.Build.0 = bin|Win32
		{30150B08-2206-47B8-8363-F330BE165AD5}.Debug|Android86.ActiveCfg = bin|Win32
		{30150B08-2206-47B8-8363-F330BE165AD5}.Debug|Android86.Build.0 = bin|Win32
		{30150B08-2206-47B8-8363-F330BE165AD5}.Debug|AndroidARM.ActiveCfg = bin|Win32
		{30150B08-2206-47B8-8363-F330BE165AD5}.Debug|AndroidARM.Build.0 = bin|Win32
		{30150B08-2206-47B8-8363-F330BE165AD5}.Debug|Cross64.ActiveCfg = bin|Win32
		{30150B08-2206-47B8-8363-F330BE165AD5}.Debug|Cross64.Build.0 = bin|Win32
		{30150B08-2206-47B8-8363-F330BE165AD5}.Debug|Cross86.ActiveCfg = bin|Win32
		{30150B08-2206-47B8-8363-F330BE165AD5}.Debug|Cross86.Build.0 = bin|Win32
		{30150B08-2206-47B8-8363-F330BE165AD5}.Debug|Linux32.ActiveCfg = bin|Win32
		{30150B08-2206-47B8-8363-F330BE165AD5}.Debug|Linux32.Build.0 = bin|Win32
		{30150B08-2206-47B8-8363-F330BE165AD5}.Debug|Linux64.ActiveCfg = bin|Win32
		{30150B08-2206-47B8-8363-F330BE165AD5}.Debug|Linux64.Build.0 = bin|Win32
		{30150B08-2206-47B8-8363-F330BE165AD5}.Debug|Mac32.ActiveCfg = bin|Win32
		{30150B08-2206-47B8-8363-F330BE165AD5}.Debug|Mac32.Build.0 = bin|Win32
		{30150B08-2206-47B8-8363-F330BE165AD5}.Debug|Mac64.ActiveCfg = bin|Win32
		{30150B08-2206-47B8-8363-F330BE165AD5}.Debug|Mac64.Build.0 = bin|Win32
		{30150B08-2206-47B8-8363-F330BE165AD5}.Debug|Win32.ActiveCfg = dbg|Win32
		{30150B08-2206-47B8-8363-F330BE165AD5}.Debug|Win32.Build.0 = dbg|Win32
		{30150B08-2206-47B8-8363-F330BE165AD5}.Debug|Win64.ActiveCfg = bin|Win32
		{30150B08-2206-47B8-8363-F330BE165AD5}.Debug|Win64.Build.0 = bin|Win32
		{30150B08-2206-47B8-8363-F330BE165AD5}.Debug|x64.ActiveCfg = dbg|x64
		{30150B08-2206-47B8-8363-F330BE165AD5}.Debug|x64.Build.0 = dbg|x64
		{30150B08-2206-47B8-8363-F330BE165AD5}.Release|Android64.ActiveCfg = bin|Win32
		{30150B08-2206-47B8-8363-F330BE165AD5}.Release|Android64.Build.0 = bin|Win32
		{30150B08-2206-47B8-8363-F330BE165AD5}.Release|Android86.ActiveCfg = bin|Win32
		{30150B08-2206-47B8-8363-F330BE165AD5}.Release|Android86.Build.0 = bin|Win32
		{30150B08-2206-47B8-8363-F330BE165AD5}.Release|AndroidARM.ActiveCfg = bin|Win32
		{30150B08-2206-47B8-8363-F330BE165AD5}.Release|AndroidARM.Build.0 = bin|Win32
		{30150B08-2206-47B8-8363-F330BE165AD5}.Release|Cross64.ActiveCfg = bin|Win32
		{30150B08-2206-47B8-8363-F330BE165AD5}.Release|Cross64.Build.0 = bin|Win32
		{30150B08-2206-47B8-8363-F330BE165AD5}.Release|Cross86.ActiveCfg = bin|Win32
		{30150B08-2206-47B8-8363-F330BE165AD5}.Release|Cross86.Build.0 = bin|Win32
		{30150B08-2206-47B8-8363-F330BE165AD5}.Release|Linux32.ActiveCfg = bin|Win32
		{30150B08-2206-47B8-8363-F330BE165AD5}.Release|Linux32.Build.0 = bin|Win32
		{30150B08-2206-47B8-8363-F330BE165AD5}.Release|Linux64.ActiveCfg = bin|Win32
		{30150B08-2206-47B8-8363-F330BE165AD5}.Release|Linux64.Build.0 = bin|Win32
		{30150B08-2206-47B8-8363-F330BE165AD5}.Release|Mac32.ActiveCfg = bin|Win32
		{30150B08-2206-47B8-8363-F330BE165AD5}.Release|Mac32.Build.0 = bin|Win32
		{30150B08-2206-47B8-8363-F330BE165AD5}.Release|Mac64.ActiveCfg = bin|Win32
		{30150B08-2206-47B8-8363-F330BE165AD5}.Release|Mac64.Build.0 = bin|Win32
		{30150B08-2206-47B8-8363-F330BE165AD5}.Release|Win32.ActiveCfg = bin|Win32
		{30150B08-2206-47B8-8363-F330BE165AD5}.Release|Win32.Build.0 = bin|Win32
		{30150B08-2206-47B8-8363-F330BE165AD5}.Release|Win64.ActiveCfg = bin|Win32
		{30150B08-2206-47B8-8363-F330BE165AD5}.Release|Win64.Build.0 = bin|Win32
		{30150B08-2206-47B8-8363-F330BE165AD5}.Release|x64.ActiveCfg = bin|x64
		{30150B08-2206-47B8-8363-F330BE165AD5}.Release|x64.Build.0 = bin|x64
	EndGlobalSection
	GlobalSection(SolutionProperties) = preSolution
		HideSolutionNode = FALSE
	EndGlobalSection
EndGlobal
