
Microsoft Visual Studio Solution File, Format Version 12.00
# Visual Studio 2012
VisualStudioVersion = 14.0.25420.1
MinimumVisualStudioVersion = 10.0.40219.1
Project("{2857B73E-F847-4B02-9238-064979017E93}") = "aurora-ai", "..\..\src\aurora-ai\.ide\vs\aurora-ai.cproj", "{D9E9D60E-A30C-4624-B2B0-0E6DB65F80A3}"
EndProject
Project("{2857B73E-F847-4B02-9238-064979017E93}") = "aurora-core", "..\..\src\aurora-core\.ide\vs\aurora-core.cproj", "{5A6B97C7-2EA8-4A19-9611-8537130B4EBB}"
EndProject
Project("{2857B73E-F847-4B02-9238-064979017E93}") = "aurora-core-tlib", "..\..\src\aurora-core-tlib\.ide\vs\aurora-core-tlib.cproj", "{56E04BF1-60AD-4327-A3EE-112312797B42}"
EndProject
Global
	GlobalSection(SolutionConfigurationPlatforms) = preSolution
		Debug|Android64 = Debug|Android64
		Debug|Android86 = Debug|Android86
		Debug|AndroidARM = Debug|AndroidARM
		Debug|Cross64 = Debug|Cross64
		Debug|Cross86 = Debug|Cross86
		Debug|Linux32 = Debug|Linux32
		Debug|Linux64 = Debug|Linux64
		Debug|Mac32 = Debug|Mac32
		Debug|Mac64 = Debug|Mac64
		Debug|Win32 = Debug|Win32
		Debug|Win64 = Debug|Win64
		Debug|x64 = Debug|x64
		Release|Android64 = Release|Android64
		Release|Android86 = Release|Android86
		Release|AndroidARM = Release|AndroidARM
		Release|Cross64 = Release|Cross64
		Release|Cross86 = Release|Cross86
		Release|Linux32 = Release|Linux32
		Release|Linux64 = Release|Linux64
		Release|Mac32 = Release|Mac32
		Release|Mac64 = Release|Mac64
		Release|Win32 = Release|Win32
		Release|Win64 = Release|Win64
		Release|x64 = Release|x64
	EndGlobalSection
	GlobalSection(ProjectConfigurationPlatforms) = postSolution
		{56E04BF1-60AD-4327-A3EE-112312797B42}.Debug|Android64.ActiveCfg = Debug|Any CPU
		{56E04BF1-60AD-4327-A3EE-112312797B42}.Debug|Android64.Build.0 = Debug|Any CPU
		{56E04BF1-60AD-4327-A3EE-112312797B42}.Debug|Android86.ActiveCfg = Debug|Any CPU
		{56E04BF1-60AD-4327-A3EE-112312797B42}.Debug|Android86.Build.0 = Debug|Any CPU
		{56E04BF1-60AD-4327-A3EE-112312797B42}.Debug|AndroidARM.ActiveCfg = Debug|Any CPU
		{56E04BF1-60AD-4327-A3EE-112312797B42}.Debug|AndroidARM.Build.0 = Debug|Any CPU
		{56E04BF1-60AD-4327-A3EE-112312797B42}.Debug|Cross64.ActiveCfg = Debug|Any CPU
		{56E04BF1-60AD-4327-A3EE-112312797B42}.Debug|Cross64.Build.0 = Debug|Any CPU
		{56E04BF1-60AD-4327-A3EE-112312797B42}.Debug|Cross86.ActiveCfg = Debug|Any CPU
		{56E04BF1-60AD-4327-A3EE-112312797B42}.Debug|Cross86.Build.0 = Debug|Any CPU
		{56E04BF1-60AD-4327-A3EE-112312797B42}.Debug|Linux32.ActiveCfg = Debug|Any CPU
		{56E04BF1-60AD-4327-A3EE-112312797B42}.Debug|Linux32.Build.0 = Debug|Any CPU
		{56E04BF1-60AD-4327-A3EE-112312797B42}.Debug|Linux64.ActiveCfg = Debug|Any CPU
		{56E04BF1-60AD-4327-A3EE-112312797B42}.Debug|Linux64.Build.0 = Debug|Any CPU
		{56E04BF1-60AD-4327-A3EE-112312797B42}.Debug|Mac32.ActiveCfg = Debug|Any CPU
		{56E04BF1-60AD-4327-A3EE-112312797B42}.Debug|Mac32.Build.0 = Debug|Any CPU
		{56E04BF1-60AD-4327-A3EE-112312797B42}.Debug|Mac64.ActiveCfg = Debug|Any CPU
		{56E04BF1-60AD-4327-A3EE-112312797B42}.Debug|Mac64.Build.0 = Debug|Any CPU
		{56E04BF1-60AD-4327-A3EE-112312797B42}.Debug|Win32.ActiveCfg = Debug|Any CPU
		{56E04BF1-60AD-4327-A3EE-112312797B42}.Debug|Win32.Build.0 = Debug|Any CPU
		{56E04BF1-60AD-4327-A3EE-112312797B42}.Debug|Win64.ActiveCfg = Debug|Any CPU
		{56E04BF1-60AD-4327-A3EE-112312797B42}.Debug|Win64.Build.0 = Debug|Any CPU
		{56E04BF1-60AD-4327-A3EE-112312797B42}.Debug|x64.ActiveCfg = Debug|Any CPU
		{56E04BF1-60AD-4327-A3EE-112312797B42}.Debug|x64.Build.0 = Debug|Any CPU
		{56E04BF1-60AD-4327-A3EE-112312797B42}.Release|Android64.ActiveCfg = Release|Any CPU
		{56E04BF1-60AD-4327-A3EE-112312797B42}.Release|Android64.Build.0 = Release|Any CPU
		{56E04BF1-60AD-4327-A3EE-112312797B42}.Release|Android86.ActiveCfg = Release|Any CPU
		{56E04BF1-60AD-4327-A3EE-112312797B42}.Release|Android86.Build.0 = Release|Any CPU
		{56E04BF1-60AD-4327-A3EE-112312797B42}.Release|AndroidARM.ActiveCfg = Release|Any CPU
		{56E04BF1-60AD-4327-A3EE-112312797B42}.Release|AndroidARM.Build.0 = Release|Any CPU
		{56E04BF1-60AD-4327-A3EE-112312797B42}.Release|Cross64.ActiveCfg = Release|Any CPU
		{56E04BF1-60AD-4327-A3EE-112312797B42}.Release|Cross64.Build.0 = Release|Any CPU
		{56E04BF1-60AD-4327-A3EE-112312797B42}.Release|Cross86.ActiveCfg = Release|Any CPU
		{56E04BF1-60AD-4327-A3EE-112312797B42}.Release|Cross86.Build.0 = Release|Any CPU
		{56E04BF1-60AD-4327-A3EE-112312797B42}.Release|Linux32.ActiveCfg = Release|Any CPU
		{56E04BF1-60AD-4327-A3EE-112312797B42}.Release|Linux32.Build.0 = Release|Any CPU
		{56E04BF1-60AD-4327-A3EE-112312797B42}.Release|Linux64.ActiveCfg = Release|Any CPU
		{56E04BF1-60AD-4327-A3EE-112312797B42}.Release|Linux64.Build.0 = Release|Any CPU
		{56E04BF1-60AD-4327-A3EE-112312797B42}.Release|Mac32.ActiveCfg = Release|Any CPU
		{56E04BF1-60AD-4327-A3EE-112312797B42}.Release|Mac32.Build.0 = Release|Any CPU
		{56E04BF1-60AD-4327-A3EE-112312797B42}.Release|Mac64.ActiveCfg = Release|Any CPU
		{56E04BF1-60AD-4327-A3EE-112312797B42}.Release|Mac64.Build.0 = Release|Any CPU
		{56E04BF1-60AD-4327-A3EE-112312797B42}.Release|Win32.ActiveCfg = Release|Any CPU
		{56E04BF1-60AD-4327-A3EE-112312797B42}.Release|Win32.Build.0 = Release|Any CPU
		{56E04BF1-60AD-4327-A3EE-112312797B42}.Release|Win64.ActiveCfg = Release|Any CPU
		{56E04BF1-60AD-4327-A3EE-112312797B42}.Release|Win64.Build.0 = Release|Any CPU
		{56E04BF1-60AD-4327-A3EE-112312797B42}.Release|x64.ActiveCfg = Release|Any CPU
		{56E04BF1-60AD-4327-A3EE-112312797B42}.Release|x64.Build.0 = Release|Any CPU
		{5A6B97C7-2EA8-4A19-9611-8537130B4EBB}.Debug|Android64.ActiveCfg = Debug|Any CPU
		{5A6B97C7-2EA8-4A19-9611-8537130B4EBB}.Debug|Android64.Build.0 = Debug|Any CPU
		{5A6B97C7-2EA8-4A19-9611-8537130B4EBB}.Debug|Android86.ActiveCfg = Debug|Any CPU
		{5A6B97C7-2EA8-4A19-9611-8537130B4EBB}.Debug|Android86.Build.0 = Debug|Any CPU
		{5A6B97C7-2EA8-4A19-9611-8537130B4EBB}.Debug|AndroidARM.ActiveCfg = Debug|Any CPU
		{5A6B97C7-2EA8-4A19-9611-8537130B4EBB}.Debug|AndroidARM.Build.0 = Debug|Any CPU
		{5A6B97C7-2EA8-4A19-9611-8537130B4EBB}.Debug|Cross64.ActiveCfg = Debug|Any CPU
		{5A6B97C7-2EA8-4A19-9611-8537130B4EBB}.Debug|Cross64.Build.0 = Debug|Any CPU
		{5A6B97C7-2EA8-4A19-9611-8537130B4EBB}.Debug|Cross86.ActiveCfg = Debug|Any CPU
		{5A6B97C7-2EA8-4A19-9611-8537130B4EBB}.Debug|Cross86.Build.0 = Debug|Any CPU
		{5A6B97C7-2EA8-4A19-9611-8537130B4EBB}.Debug|Linux32.ActiveCfg = Debug|Any CPU
		{5A6B97C7-2EA8-4A19-9611-8537130B4EBB}.Debug|Linux32.Build.0 = Debug|Any CPU
		{5A6B97C7-2EA8-4A19-9611-8537130B4EBB}.Debug|Linux64.ActiveCfg = Debug|Any CPU
		{5A6B97C7-2EA8-4A19-9611-8537130B4EBB}.Debug|Linux64.Build.0 = Debug|Any CPU
		{5A6B97C7-2EA8-4A19-9611-8537130B4EBB}.Debug|Mac32.ActiveCfg = Debug|Any CPU
		{5A6B97C7-2EA8-4A19-9611-8537130B4EBB}.Debug|Mac32.Build.0 = Debug|Any CPU
		{5A6B97C7-2EA8-4A19-9611-8537130B4EBB}.Debug|Mac64.ActiveCfg = Debug|Any CPU
		{5A6B97C7-2EA8-4A19-9611-8537130B4EBB}.Debug|Mac64.Build.0 = Debug|Any CPU
		{5A6B97C7-2EA8-4A19-9611-8537130B4EBB}.Debug|Win32.ActiveCfg = Debug|Any CPU
		{5A6B97C7-2EA8-4A19-9611-8537130B4EBB}.Debug|Win32.Build.0 = Debug|Any CPU
		{5A6B97C7-2EA8-4A19-9611-8537130B4EBB}.Debug|Win64.ActiveCfg = Debug|Any CPU
		{5A6B97C7-2EA8-4A19-9611-8537130B4EBB}.Debug|Win64.Build.0 = Debug|Any CPU
		{5A6B97C7-2EA8-4A19-9611-8537130B4EBB}.Debug|x64.ActiveCfg = Debug|Any CPU
		{5A6B97C7-2EA8-4A19-9611-8537130B4EBB}.Debug|x64.Build.0 = Debug|Any CPU
		{5A6B97C7-2EA8-4A19-9611-8537130B4EBB}.Release|Android64.ActiveCfg = Release|Any CPU
		{5A6B97C7-2EA8-4A19-9611-8537130B4EBB}.Release|Android64.Build.0 = Release|Any CPU
		{5A6B97C7-2EA8-4A19-9611-8537130B4EBB}.Release|Android86.ActiveCfg = Release|Any CPU
		{5A6B97C7-2EA8-4A19-9611-8537130B4EBB}.Release|Android86.Build.0 = Release|Any CPU
		{5A6B97C7-2EA8-4A19-9611-8537130B4EBB}.Release|AndroidARM.ActiveCfg = Release|Any CPU
		{5A6B97C7-2EA8-4A19-9611-8537130B4EBB}.Release|AndroidARM.Build.0 = Release|Any CPU
		{5A6B97C7-2EA8-4A19-9611-8537130B4EBB}.Release|Cross64.ActiveCfg = Release|Any CPU
		{5A6B97C7-2EA8-4A19-9611-8537130B4EBB}.Release|Cross64.Build.0 = Release|Any CPU
		{5A6B97C7-2EA8-4A19-9611-8537130B4EBB}.Release|Cross86.ActiveCfg = Release|Any CPU
		{5A6B97C7-2EA8-4A19-9611-8537130B4EBB}.Release|Cross86.Build.0 = Release|Any CPU
		{5A6B97C7-2EA8-4A19-9611-8537130B4EBB}.Release|Linux32.ActiveCfg = Release|Any CPU
		{5A6B97C7-2EA8-4A19-9611-8537130B4EBB}.Release|Linux32.Build.0 = Release|Any CPU
		{5A6B97C7-2EA8-4A19-9611-8537130B4EBB}.Release|Linux64.ActiveCfg = Release|Any CPU
		{5A6B97C7-2EA8-4A19-9611-8537130B4EBB}.Release|Linux64.Build.0 = Release|Any CPU
		{5A6B97C7-2EA8-4A19-9611-8537130B4EBB}.Release|Mac32.ActiveCfg = Release|Any CPU
		{5A6B97C7-2EA8-4A19-9611-8537130B4EBB}.Release|Mac32.Build.0 = Release|Any CPU
		{5A6B97C7-2EA8-4A19-9611-8537130B4EBB}.Release|Mac64.ActiveCfg = Release|Any CPU
		{5A6B97C7-2EA8-4A19-9611-8537130B4EBB}.Release|Mac64.Build.0 = Release|Any CPU
		{5A6B97C7-2EA8-4A19-9611-8537130B4EBB}.Release|Win32.ActiveCfg = Release|Any CPU
		{5A6B97C7-2EA8-4A19-9611-8537130B4EBB}.Release|Win32.Build.0 = Release|Any CPU
		{5A6B97C7-2EA8-4A19-9611-8537130B4EBB}.Release|Win64.ActiveCfg = Release|Any CPU
		{5A6B97C7-2EA8-4A19-9611-8537130B4EBB}.Release|Win64.Build.0 = Release|Any CPU
		{5A6B97C7-2EA8-4A19-9611-8537130B4EBB}.Release|x64.ActiveCfg = Release|Any CPU
		{5A6B97C7-2EA8-4A19-9611-8537130B4EBB}.Release|x64.Build.0 = Release|Any CPU
		{D9E9D60E-A30C-4624-B2B0-0E6DB65F80A3}.Debug|Android64.ActiveCfg = Debug|Any CPU
		{D9E9D60E-A30C-4624-B2B0-0E6DB65F80A3}.Debug|Android64.Build.0 = Debug|Any CPU
		{D9E9D60E-A30C-4624-B2B0-0E6DB65F80A3}.Debug|Android86.ActiveCfg = Debug|Any CPU
		{D9E9D60E-A30C-4624-B2B0-0E6DB65F80A3}.Debug|Android86.Build.0 = Debug|Any CPU
		{D9E9D60E-A30C-4624-B2B0-0E6DB65F80A3}.Debug|AndroidARM.ActiveCfg = Debug|Any CPU
		{D9E9D60E-A30C-4624-B2B0-0E6DB65F80A3}.Debug|AndroidARM.Build.0 = Debug|Any CPU
		{D9E9D60E-A30C-4624-B2B0-0E6DB65F80A3}.Debug|Cross64.ActiveCfg = Debug|Any CPU
		{D9E9D60E-A30C-4624-B2B0-0E6DB65F80A3}.Debug|Cross64.Build.0 = Debug|Any CPU
		{D9E9D60E-A30C-4624-B2B0-0E6DB65F80A3}.Debug|Cross86.ActiveCfg = Debug|Any CPU
		{D9E9D60E-A30C-4624-B2B0-0E6DB65F80A3}.Debug|Cross86.Build.0 = Debug|Any CPU
		{D9E9D60E-A30C-4624-B2B0-0E6DB65F80A3}.Debug|Linux32.ActiveCfg = Debug|Any CPU
		{D9E9D60E-A30C-4624-B2B0-0E6DB65F80A3}.Debug|Linux32.Build.0 = Debug|Any CPU
		{D9E9D60E-A30C-4624-B2B0-0E6DB65F80A3}.Debug|Linux64.ActiveCfg = Debug|Any CPU
		{D9E9D60E-A30C-4624-B2B0-0E6DB65F80A3}.Debug|Linux64.Build.0 = Debug|Any CPU
		{D9E9D60E-A30C-4624-B2B0-0E6DB65F80A3}.Debug|Mac32.ActiveCfg = Debug|Any CPU
		{D9E9D60E-A30C-4624-B2B0-0E6DB65F80A3}.Debug|Mac32.Build.0 = Debug|Any CPU
		{D9E9D60E-A30C-4624-B2B0-0E6DB65F80A3}.Debug|Mac64.ActiveCfg = Debug|Any CPU
		{D9E9D60E-A30C-4624-B2B0-0E6DB65F80A3}.Debug|Mac64.Build.0 = Debug|Any CPU
		{D9E9D60E-A30C-4624-B2B0-0E6DB65F80A3}.Debug|Win32.ActiveCfg = Debug|Any CPU
		{D9E9D60E-A30C-4624-B2B0-0E6DB65F80A3}.Debug|Win32.Build.0 = Debug|Any CPU
		{D9E9D60E-A30C-4624-B2B0-0E6DB65F80A3}.Debug|Win64.ActiveCfg = Debug|Any CPU
		{D9E9D60E-A30C-4624-B2B0-0E6DB65F80A3}.Debug|Win64.Build.0 = Debug|Any CPU
		{D9E9D60E-A30C-4624-B2B0-0E6DB65F80A3}.Debug|x64.ActiveCfg = Debug|Any CPU
		{D9E9D60E-A30C-4624-B2B0-0E6DB65F80A3}.Debug|x64.Build.0 = Debug|Any CPU
		{D9E9D60E-A30C-4624-B2B0-0E6DB65F80A3}.Release|Android64.ActiveCfg = Release|Any CPU
		{D9E9D60E-A30C-4624-B2B0-0E6DB65F80A3}.Release|Android64.Build.0 = Release|Any CPU
		{D9E9D60E-A30C-4624-B2B0-0E6DB65F80A3}.Release|Android86.ActiveCfg = Release|Any CPU
		{D9E9D60E-A30C-4624-B2B0-0E6DB65F80A3}.Release|Android86.Build.0 = Release|Any CPU
		{D9E9D60E-A30C-4624-B2B0-0E6DB65F80A3}.Release|AndroidARM.ActiveCfg = Release|Any CPU
		{D9E9D60E-A30C-4624-B2B0-0E6DB65F80A3}.Release|AndroidARM.Build.0 = Release|Any CPU
		{D9E9D60E-A30C-4624-B2B0-0E6DB65F80A3}.Release|Cross64.ActiveCfg = Release|Any CPU
		{D9E9D60E-A30C-4624-B2B0-0E6DB65F80A3}.Release|Cross64.Build.0 = Release|Any CPU
		{D9E9D60E-A30C-4624-B2B0-0E6DB65F80A3}.Release|Cross86.ActiveCfg = Release|Any CPU
		{D9E9D60E-A30C-4624-B2B0-0E6DB65F80A3}.Release|Cross86.Build.0 = Release|Any CPU
		{D9E9D60E-A30C-4624-B2B0-0E6DB65F80A3}.Release|Linux32.ActiveCfg = Release|Any CPU
		{D9E9D60E-A30C-4624-B2B0-0E6DB65F80A3}.Release|Linux32.Build.0 = Release|Any CPU
		{D9E9D60E-A30C-4624-B2B0-0E6DB65F80A3}.Release|Linux64.ActiveCfg = Release|Any CPU
		{D9E9D60E-A30C-4624-B2B0-0E6DB65F80A3}.Release|Linux64.Build.0 = Release|Any CPU
		{D9E9D60E-A30C-4624-B2B0-0E6DB65F80A3}.Release|Mac32.ActiveCfg = Release|Any CPU
		{D9E9D60E-A30C-4624-B2B0-0E6DB65F80A3}.Release|Mac32.Build.0 = Release|Any CPU
		{D9E9D60E-A30C-4624-B2B0-0E6DB65F80A3}.Release|Mac64.ActiveCfg = Release|Any CPU
		{D9E9D60E-A30C-4624-B2B0-0E6DB65F80A3}.Release|Mac64.Build.0 = Release|Any CPU
		{D9E9D60E-A30C-4624-B2B0-0E6DB65F80A3}.Release|Win32.ActiveCfg = Release|Any CPU
		{D9E9D60E-A30C-4624-B2B0-0E6DB65F80A3}.Release|Win32.Build.0 = Release|Any CPU
		{D9E9D60E-A30C-4624-B2B0-0E6DB65F80A3}.Release|Win64.ActiveCfg = Release|Any CPU
		{D9E9D60E-A30C-4624-B2B0-0E6DB65F80A3}.Release|Win64.Build.0 = Release|Any CPU
		{D9E9D60E-A30C-4624-B2B0-0E6DB65F80A3}.Release|x64.ActiveCfg = Release|Any CPU
		{D9E9D60E-A30C-4624-B2B0-0E6DB65F80A3}.Release|x64.Build.0 = Release|Any CPU
	EndGlobalSection
	GlobalSection(MonoDevelopProperties) = preSolution
		BaseDirectory = ..\..
	EndGlobalSection
	GlobalSection(SolutionProperties) = preSolution
		HideSolutionNode = FALSE
	EndGlobalSection
EndGlobal
