<?xml version="1.0" encoding="utf-8"?>
<Project ToolsVersion="4.0" xmlns="http://schemas.microsoft.com/developer/msbuild/2003">
  <ItemGroup>
    <Filter Include="Source Files">
      <UniqueIdentifier>{5e851d2d-f5ae-4128-986b-854cc4752091}</UniqueIdentifier>
    </Filter>
    <Filter Include="Source Files\Core">
      <UniqueIdentifier>{5abdd229-a702-4a7d-9c23-f9faf5521cd7}</UniqueIdentifier>
    </Filter>
    <Filter Include="Source Files\Library">
      <UniqueIdentifier>{688e69f2-4466-4742-94c4-e742e1143a65}</UniqueIdentifier>
    </Filter>
    <Filter Include="Source Files\Cryptography">
      <UniqueIdentifier>{c28df46a-e571-4c88-be66-cd283e726cbc}</UniqueIdentifier>
    </Filter>
    <Filter Include="Source Files\Graphics">
      <UniqueIdentifier>{7cfba323-631d-4005-b788-d8c0d3889cae}</UniqueIdentifier>
    </Filter>
    <Filter Include="Source Files\Graphics\GUI">
      <UniqueIdentifier>{a55170d9-a229-4bd2-832b-52a4b3772564}</UniqueIdentifier>
    </Filter>
    <Filter Include="Source Files\Graphics\Engine">
      <UniqueIdentifier>{b882b858-64b4-42b3-aa3e-7251556bc3ab}</UniqueIdentifier>
    </Filter>
    <Filter Include="Source Files\Graphics\OpenGL API">
      <UniqueIdentifier>{6f7634d6-9ad4-4489-9f75-6b8538661b7c}</UniqueIdentifier>
    </Filter>
    <Filter Include="Source Files\Graphics\Vulkan API">
      <UniqueIdentifier>{7ed8120e-2ea5-44e3-8eee-325770c9150b}</UniqueIdentifier>
    </Filter>
    <Filter Include="Source Files\Information">
      <UniqueIdentifier>{f01af17e-114a-42b6-ae4d-0826b3b5c951}</UniqueIdentifier>
    </Filter>
    <Filter Include="Source Files\Shell">
      <UniqueIdentifier>{075cdcdb-720a-465c-8f72-66dfb45783bb}</UniqueIdentifier>
    </Filter>
    <Filter Include="Header Files">
      <UniqueIdentifier>{54b93c4d-0151-469d-a75a-9381ae48c3b6}</UniqueIdentifier>
    </Filter>
    <Filter Include="Header Files\Core">
      <UniqueIdentifier>{96b22a0f-8f66-4fb4-96c9-e7093f7443e8}</UniqueIdentifier>
    </Filter>
    <Filter Include="Header Files\Cross-Platform">
      <UniqueIdentifier>{e2a9c259-ab01-4399-89fc-f258b7679500}</UniqueIdentifier>
    </Filter>
    <Filter Include="Header Files\Cross-Platform\System">
      <UniqueIdentifier>{5a9b5c99-a1b9-481a-a950-07986645e241}</UniqueIdentifier>
    </Filter>
    <Filter Include="Header Files\Cross-Platform\Video">
      <UniqueIdentifier>{f19a1f6f-1e78-498b-bec8-e95ea4884f47}</UniqueIdentifier>
    </Filter>
    <Filter Include="Header Files\Graphics">
      <UniqueIdentifier>{6e67182f-9a15-477f-b654-5fa0d28061d1}</UniqueIdentifier>
    </Filter>
    <Filter Include="Header Files\Graphics\GUI">
      <UniqueIdentifier>{b0357f4a-4004-4099-95e8-a2344d056d85}</UniqueIdentifier>
    </Filter>
    <Filter Include="Header Files\Graphics\OpenGL API">
      <UniqueIdentifier>{e27106cf-4692-4af8-b889-e5cbf2f70cc9}</UniqueIdentifier>
    </Filter>
    <Filter Include="Header Files\Graphics\Vulkan API">
      <UniqueIdentifier>{e621fd95-2f8c-47ca-b700-8b114f7c6bbe}</UniqueIdentifier>
    </Filter>
    <Filter Include="Header Files\Graphics\Engine">
      <UniqueIdentifier>{6a168d82-943a-4b1a-88aa-d3c5267d2e03}</UniqueIdentifier>
    </Filter>
    <Filter Include="Header Files\Cryptography">
      <UniqueIdentifier>{eaf5ecd2-9c0c-4dd2-a001-9b555c9cd550}</UniqueIdentifier>
    </Filter>
    <Filter Include="Header Files\Cryptography\Hash">
      <UniqueIdentifier>{ff6f1dde-cc8b-4d53-a78b-70aabe7557b1}</UniqueIdentifier>
    </Filter>
    <Filter Include="Header Files\Information">
      <UniqueIdentifier>{0d796b6b-1594-49aa-9184-79340a5e12b1}</UniqueIdentifier>
    </Filter>
    <Filter Include="Header Files\IO">
      <UniqueIdentifier>{74bc34a7-4af8-49c4-833c-81becd31eaaf}</UniqueIdentifier>
    </Filter>
    <Filter Include="Header Files\Library">
      <UniqueIdentifier>{d31ad74c-b340-4daf-b535-3558d9693f76}</UniqueIdentifier>
    </Filter>
    <Filter Include="Header Files\Network">
      <UniqueIdentifier>{20410260-2dfc-4a2e-be7b-2203519788d8}</UniqueIdentifier>
    </Filter>
    <Filter Include="Header Files\Parse">
      <UniqueIdentifier>{63064e2b-6ca2-4522-9b56-62555d6f184f}</UniqueIdentifier>
    </Filter>
    <Filter Include="Header Files\Shell">
      <UniqueIdentifier>{1a42ae0a-9ea9-4039-bf03-f028f81e81d0}</UniqueIdentifier>
    </Filter>
    <Filter Include="Resource Files">
      <UniqueIdentifier>{f69ab033-871f-4214-bf5f-b544b88a87cd}</UniqueIdentifier>
    </Filter>
    <Filter Include="Source Files\Cryptography\Hash">
      <UniqueIdentifier>{c5d0c7ef-117b-4f58-ab87-e570bbd58f0c}</UniqueIdentifier>
    </Filter>
  </ItemGroup>
  <ItemGroup>
    <ClInclude Include="include\Aurora\Aurora.h">
      <Filter>Header Files</Filter>
    </ClInclude>
    <ClInclude Include="include\Aurora\GUI\Application.h">
      <Filter>Header Files\Graphics\GUI</Filter>
    </ClInclude>
    <ClInclude Include="include\Aurora\GUI\Label.h">
      <Filter>Header Files\Graphics\GUI</Filter>
    </ClInclude>
    <ClInclude Include="include\Aurora\GUI\Layout.h">
      <Filter>Header Files\Graphics\GUI</Filter>
    </ClInclude>
    <ClInclude Include="include\Aurora\GUI\Window.h">
      <Filter>Header Files\Graphics\GUI</Filter>
    </ClInclude>
    <ClInclude Include="include\Aurora\Core\Application.h">
      <Filter>Header Files\Core</Filter>
    </ClInclude>
    <ClInclude Include="include\Aurora\Core\Aurora.h">
      <Filter>Header Files\Core</Filter>
    </ClInclude>
    <ClInclude Include="include\Aurora\Core\Debug.h">
      <Filter>Header Files\Core</Filter>
    </ClInclude>
    <ClInclude Include="include\Aurora\Cross\Video\VGA.h">
      <Filter>Header Files\Cross-Platform\Video</Filter>
    </ClInclude>
    <ClInclude Include="include\Aurora\Cross\System\IO.h">
      <Filter>Header Files\Cross-Platform\System</Filter>
    </ClInclude>
    <ClInclude Include="include\Aurora\Crypto\AES.h">
      <Filter>Header Files\Cryptography</Filter>
    </ClInclude>
    <ClInclude Include="include\Aurora\Crypto\MARS.h">
      <Filter>Header Files\Cryptography</Filter>
    </ClInclude>
    <ClInclude Include="include\Aurora\Crypto\ModeCBC.h">
      <Filter>Header Files\Cryptography</Filter>
    </ClInclude>
    <ClInclude Include="include\Aurora\Crypto\ModeECB.h">
      <Filter>Header Files\Cryptography</Filter>
    </ClInclude>
    <ClInclude Include="include\Aurora\Crypto\RC6.h">
      <Filter>Header Files\Cryptography</Filter>
    </ClInclude>
    <ClInclude Include="include\Aurora\Crypto\RSA.h">
      <Filter>Header Files\Cryptography</Filter>
    </ClInclude>
    <ClInclude Include="include\Aurora\Hash\Checksum.h">
      <Filter>Header Files\Cryptography\Hash</Filter>
    </ClInclude>
    <ClInclude Include="include\Aurora\Hash\MD2.h">
      <Filter>Header Files\Cryptography\Hash</Filter>
    </ClInclude>
    <ClInclude Include="include\Aurora\Hash\MD4.h">
      <Filter>Header Files\Cryptography\Hash</Filter>
    </ClInclude>
    <ClInclude Include="include\Aurora\Hash\MD5.h">
      <Filter>Header Files\Cryptography\Hash</Filter>
    </ClInclude>
    <ClInclude Include="include\Aurora\Hash\SHA1.h">
      <Filter>Header Files\Cryptography\Hash</Filter>
    </ClInclude>
    <ClInclude Include="include\Aurora\Hash\SHA2.h">
      <Filter>Header Files\Cryptography\Hash</Filter>
    </ClInclude>
    <ClInclude Include="include\Aurora\Hash\SHA3.h">
      <Filter>Header Files\Cryptography\Hash</Filter>
    </ClInclude>
    <ClInclude Include="include\Aurora\Info\CPU.h">
      <Filter>Header Files\Information</Filter>
    </ClInclude>
    <ClInclude Include="include\Aurora\Info\GPU.h">
      <Filter>Header Files\Information</Filter>
    </ClInclude>
    <ClInclude Include="include\Aurora\Info\OS.h">
      <Filter>Header Files\Information</Filter>
    </ClInclude>
    <ClInclude Include="include\Aurora\Info\RAM.h">
      <Filter>Header Files\Information</Filter>
    </ClInclude>
    <ClInclude Include="include\Aurora\Info\System.h">
      <Filter>Header Files\Information</Filter>
    </ClInclude>
    <ClInclude Include="include\Aurora\IO\COM.h">
      <Filter>Header Files\IO</Filter>
    </ClInclude>
    <ClInclude Include="include\Aurora\IO\File.h">
      <Filter>Header Files\IO</Filter>
    </ClInclude>
    <ClInclude Include="include\Aurora\Lib\Aurora.h">
      <Filter>Header Files\Library</Filter>
    </ClInclude>
    <ClInclude Include="include\Aurora\Lib\Endian.h">
      <Filter>Header Files\Library</Filter>
    </ClInclude>
    <ClInclude Include="include\Aurora\Lib\IOStream.h">
      <Filter>Header Files\Library</Filter>
    </ClInclude>
    <ClInclude Include="include\Aurora\Lib\String.h">
      <Filter>Header Files\Library</Filter>
    </ClInclude>
    <ClInclude Include="include\Aurora\Lib\Target.h">
      <Filter>Header Files\Library</Filter>
    </ClInclude>
    <ClInclude Include="include\Aurora\Lib\Type.h">
      <Filter>Header Files\Library</Filter>
    </ClInclude>
    <ClInclude Include="include\Aurora\Net\Socket.h">
      <Filter>Header Files\Network</Filter>
    </ClInclude>
    <ClInclude Include="include\Aurora\Parse\JSON.h">
      <Filter>Header Files\Parse</Filter>
    </ClInclude>
    <ClInclude Include="include\Aurora\Parse\XML.h">
      <Filter>Header Files\Parse</Filter>
    </ClInclude>
    <ClInclude Include="include\Aurora\Shell\ASCII.h">
      <Filter>Header Files\Shell</Filter>
    </ClInclude>
    <ClInclude Include="include\Aurora\Shell\Color.h">
      <Filter>Header Files\Shell</Filter>
    </ClInclude>
    <ClInclude Include="include\Aurora\Shell\Input.h">
      <Filter>Header Files\Shell</Filter>
    </ClInclude>
    <ClInclude Include="include\Aurora\Shell\Log.h">
      <Filter>Header Files\Shell</Filter>
    </ClInclude>
    <ClInclude Include="include\Aurora\Shell\Output.h">
      <Filter>Header Files\Shell</Filter>
    </ClInclude>
    <ClInclude Include="include\Aurora\Vulkan\Window.h">
      <Filter>Header Files\Graphics\Vulkan API</Filter>
    </ClInclude>
    <ClInclude Include="include\Aurora\GL\Window.h">
      <Filter>Header Files\Graphics\OpenGL API</Filter>
    </ClInclude>
  </ItemGroup>
  <ItemGroup>
    <ClCompile Include="src\Core\Application.cpp">
      <Filter>Source Files\Core</Filter>
    </ClCompile>
    <ClCompile Include="src\Core\Debug.cpp">
      <Filter>Source Files\Core</Filter>
    </ClCompile>
    <ClCompile Include="src\GUI\Application.cpp">
      <Filter>Source Files\Graphics\GUI</Filter>
    </ClCompile>
    <ClCompile Include="src\GUI\Label.cpp">
      <Filter>Source Files\Graphics\GUI</Filter>
    </ClCompile>
    <ClCompile Include="src\GUI\Style.cpp">
      <Filter>Source Files\Graphics\GUI</Filter>
    </ClCompile>
    <ClCompile Include="src\GUI\Window.cpp">
      <Filter>Source Files\Graphics\GUI</Filter>
    </ClCompile>
    <ClCompile Include="src\Lib\IOStream.cpp">
      <Filter>Source Files\Library</Filter>
    </ClCompile>
    <ClCompile Include="src\Lib\String.cpp">
      <Filter>Source Files\Library</Filter>
    </ClCompile>
    <ClCompile Include="src\Info\OS.cpp">
      <Filter>Source Files\Information</Filter>
    </ClCompile>
    <ClCompile Include="src\Info\RAM.cpp">
      <Filter>Source Files\Information</Filter>
    </ClCompile>
    <ClCompile Include="src\Shell\Color.cpp">
      <Filter>Source Files\Shell</Filter>
    </ClCompile>
    <ClCompile Include="src\Shell\Input.cpp">
      <Filter>Source Files\Shell</Filter>
    </ClCompile>
    <ClCompile Include="src\Shell\Output.cpp">
      <Filter>Source Files\Shell</Filter>
    </ClCompile>
    <ClCompile Include="src\Crypto\AES.cpp">
      <Filter>Source Files\Cryptography</Filter>
    </ClCompile>
  </ItemGroup>
</Project>